
Microsoft Visual Studio Solution File, Format Version 12.00
# Visual Studio Version 17
VisualStudioVersion = 17.10.34928.147
MinimumVisualStudioVersion = 10.0.40219.1
Project("{FAE04EC0-301F-11D3-BF4B-00C04F79EFBC}") = "Schoolmanagement", "Schoolmanagement\Schoolmanagement.csproj", "{A1B25568-4C7E-4CF7-B556-61C4E181FC82}"
EndProject
Global
	GlobalSection(SolutionConfigurationPlatforms) = preSolution
		Debug|Any CPU = Debug|Any CPU
		Release|Any CPU = Release|Any CPU
	EndGlobalSection
	GlobalSection(ProjectConfigurationPlatforms) = postSolution
		{A1B25568-4C7E-4CF7-B556-61C4E181FC82}.Debug|Any CPU.ActiveCfg = Debug|Any CPU
		{A1B25568-4C7E-4CF7-B556-61C4E181FC82}.Debug|Any CPU.Build.0 = Debug|Any CPU
		{A1B25568-4C7E-4CF7-B556-61C4E181FC82}.Release|Any CPU.ActiveCfg = Release|Any CPU
		{A1B25568-4C7E-4CF7-B556-61C4E181FC82}.Release|Any CPU.Build.0 = Release|Any CPU
	EndGlobalSection
	GlobalSection(SolutionProperties) = preSolution
		HideSolutionNode = FALSE
	EndGlobalSection
	GlobalSection(ExtensibilityGlobals) = postSolution
		SolutionGuid = {6CD60503-D059-4429-A74B-153D15FE13D3}
	EndGlobalSection
EndGlobal
